
Microsoft Visual Studio Solution File, Format Version 12.00
# Visual Studio 15
VisualStudioVersion = 15.0.26430.12
MinimumVisualStudioVersion = 10.0.40219.1
Project("{FAE04EC0-301F-11D3-BF4B-00C04F79EFBC}") = "Shell", "Shell\Shell.csproj", "{748F0468-961F-44B2-A23F-1FACCD0640AF}"
EndProject
Project("{FAE04EC0-301F-11D3-BF4B-00C04F79EFBC}") = "Footer", "Footer\Footer.csproj", "{77BE0B2F-A3EB-4DDA-8179-DDE2217C15DE}"
EndProject
Project("{FAE04EC0-301F-11D3-BF4B-00C04F79EFBC}") = "Header", "Header\Header.csproj", "{9FC9DA7C-6BC1-4B5E-9F1D-79BB07C76782}"
EndProject
Project("{FAE04EC0-301F-11D3-BF4B-00C04F79EFBC}") = "Main", "Main\Main.csproj", "{B84B510B-542C-4420-8614-30DD35686091}"
EndProject
Project("{FAE04EC0-301F-11D3-BF4B-00C04F79EFBC}") = "Infrastructure", "Infrastructure\Infrastructure.csproj", "{4C763117-6BFF-4D18-BA8A-F7A27343C2DE}"
EndProject
Project("{FAE04EC0-301F-11D3-BF4B-00C04F79EFBC}") = "TodoMvc", "..\Redux.NET\TodoMvc\TodoMvc.csproj", "{8C4A4AB3-CAF7-455F-803B-EDF5E6E48DA0}"
EndProject
Project("{FAE04EC0-301F-11D3-BF4B-00C04F79EFBC}") = "TodoMvc.App", "..\Redux.NET\TodoMvc.App\TodoMvc.App.csproj", "{5CE97BDF-E752-45DA-B18E-4442AD05992B}"
EndProject
Global
	GlobalSection(SolutionConfigurationPlatforms) = preSolution
		Debug|Any CPU = Debug|Any CPU
		Release|Any CPU = Release|Any CPU
	EndGlobalSection
	GlobalSection(ProjectConfigurationPlatforms) = postSolution
		{748F0468-961F-44B2-A23F-1FACCD0640AF}.Debug|Any CPU.ActiveCfg = Debug|Any CPU
		{748F0468-961F-44B2-A23F-1FACCD0640AF}.Debug|Any CPU.Build.0 = Debug|Any CPU
		{748F0468-961F-44B2-A23F-1FACCD0640AF}.Release|Any CPU.ActiveCfg = Release|Any CPU
		{748F0468-961F-44B2-A23F-1FACCD0640AF}.Release|Any CPU.Build.0 = Release|Any CPU
		{77BE0B2F-A3EB-4DDA-8179-DDE2217C15DE}.Debug|Any CPU.ActiveCfg = Debug|Any CPU
		{77BE0B2F-A3EB-4DDA-8179-DDE2217C15DE}.Debug|Any CPU.Build.0 = Debug|Any CPU
		{77BE0B2F-A3EB-4DDA-8179-DDE2217C15DE}.Release|Any CPU.ActiveCfg = Release|Any CPU
		{77BE0B2F-A3EB-4DDA-8179-DDE2217C15DE}.Release|Any CPU.Build.0 = Release|Any CPU
		{9FC9DA7C-6BC1-4B5E-9F1D-79BB07C76782}.Debug|Any CPU.ActiveCfg = Debug|Any CPU
		{9FC9DA7C-6BC1-4B5E-9F1D-79BB07C76782}.Debug|Any CPU.Build.0 = Debug|Any CPU
		{9FC9DA7C-6BC1-4B5E-9F1D-79BB07C76782}.Release|Any CPU.ActiveCfg = Release|Any CPU
		{9FC9DA7C-6BC1-4B5E-9F1D-79BB07C76782}.Release|Any CPU.Build.0 = Release|Any CPU
		{B84B510B-542C-4420-8614-30DD35686091}.Debug|Any CPU.ActiveCfg = Debug|Any CPU
		{B84B510B-542C-4420-8614-30DD35686091}.Debug|Any CPU.Build.0 = Debug|Any CPU
		{B84B510B-542C-4420-8614-30DD35686091}.Release|Any CPU.ActiveCfg = Release|Any CPU
		{B84B510B-542C-4420-8614-30DD35686091}.Release|Any CPU.Build.0 = Release|Any CPU
		{4C763117-6BFF-4D18-BA8A-F7A27343C2DE}.Debug|Any CPU.ActiveCfg = Debug|Any CPU
		{4C763117-6BFF-4D18-BA8A-F7A27343C2DE}.Debug|Any CPU.Build.0 = Debug|Any CPU
		{4C763117-6BFF-4D18-BA8A-F7A27343C2DE}.Release|Any CPU.ActiveCfg = Release|Any CPU
		{4C763117-6BFF-4D18-BA8A-F7A27343C2DE}.Release|Any CPU.Build.0 = Release|Any CPU
		{8C4A4AB3-CAF7-455F-803B-EDF5E6E48DA0}.Debug|Any CPU.ActiveCfg = Debug|Any CPU
		{8C4A4AB3-CAF7-455F-803B-EDF5E6E48DA0}.Debug|Any CPU.Build.0 = Debug|Any CPU
		{8C4A4AB3-CAF7-455F-803B-EDF5E6E48DA0}.Release|Any CPU.ActiveCfg = Release|Any CPU
		{8C4A4AB3-CAF7-455F-803B-EDF5E6E48DA0}.Release|Any CPU.Build.0 = Release|Any CPU
		{5CE97BDF-E752-45DA-B18E-4442AD05992B}.Debug|Any CPU.ActiveCfg = Debug|Any CPU
		{5CE97BDF-E752-45DA-B18E-4442AD05992B}.Debug|Any CPU.Build.0 = Debug|Any CPU
		{5CE97BDF-E752-45DA-B18E-4442AD05992B}.Release|Any CPU.ActiveCfg = Release|Any CPU
		{5CE97BDF-E752-45DA-B18E-4442AD05992B}.Release|Any CPU.Build.0 = Release|Any CPU
	EndGlobalSection
	GlobalSection(SolutionProperties) = preSolution
		HideSolutionNode = FALSE
	EndGlobalSection
EndGlobal
